
Microsoft Visual Studio Solution File, Format Version 12.00
# Visual Studio Version 16
VisualStudioVersion = 16.0.32002.261
MinimumVisualStudioVersion = 10.0.40219.1
Project("{FAE04EC0-301F-11D3-BF4B-00C04F79EFBC}") = "Presentation Layer", "My Hotel\Presentation Layer.csproj", "{97A29AEF-133E-4E95-84B6-B3EADD9786A2}"
EndProject
Project("{FAE04EC0-301F-11D3-BF4B-00C04F79EFBC}") = "DataLayer", "DataLayer\DataLayer.csproj", "{B33EE055-4B6D-4803-A86E-6C74D28FB0E3}"
EndProject
Project("{FAE04EC0-301F-11D3-BF4B-00C04F79EFBC}") = "BusinessLayer", "BusinessLayer\BusinessLayer.csproj", "{0D3E66CD-2C60-40B7-8463-028DE52754EB}"
EndProject
Global
	GlobalSection(SolutionConfigurationPlatforms) = preSolution
		Debug|Any CPU = Debug|Any CPU
		Release|Any CPU = Release|Any CPU
	EndGlobalSection
	GlobalSection(ProjectConfigurationPlatforms) = postSolution
		{97A29AEF-133E-4E95-84B6-B3EADD9786A2}.Debug|Any CPU.ActiveCfg = Debug|Any CPU
		{97A29AEF-133E-4E95-84B6-B3EADD9786A2}.Debug|Any CPU.Build.0 = Debug|Any CPU
		{97A29AEF-133E-4E95-84B6-B3EADD9786A2}.Release|Any CPU.ActiveCfg = Release|Any CPU
		{97A29AEF-133E-4E95-84B6-B3EADD9786A2}.Release|Any CPU.Build.0 = Release|Any CPU
		{B33EE055-4B6D-4803-A86E-6C74D28FB0E3}.Debug|Any CPU.ActiveCfg = Debug|Any CPU
		{B33EE055-4B6D-4803-A86E-6C74D28FB0E3}.Debug|Any CPU.Build.0 = Debug|Any CPU
		{B33EE055-4B6D-4803-A86E-6C74D28FB0E3}.Release|Any CPU.ActiveCfg = Release|Any CPU
		{B33EE055-4B6D-4803-A86E-6C74D28FB0E3}.Release|Any CPU.Build.0 = Release|Any CPU
		{0D3E66CD-2C60-40B7-8463-028DE52754EB}.Debug|Any CPU.ActiveCfg = Debug|Any CPU
		{0D3E66CD-2C60-40B7-8463-028DE52754EB}.Debug|Any CPU.Build.0 = Debug|Any CPU
		{0D3E66CD-2C60-40B7-8463-028DE52754EB}.Release|Any CPU.ActiveCfg = Release|Any CPU
		{0D3E66CD-2C60-40B7-8463-028DE52754EB}.Release|Any CPU.Build.0 = Release|Any CPU
	EndGlobalSection
	GlobalSection(SolutionProperties) = preSolution
		HideSolutionNode = FALSE
	EndGlobalSection
	GlobalSection(ExtensibilityGlobals) = postSolution
		SolutionGuid = {3AE73CD1-FC46-4E29-9AF9-93146C3FCF3A}
	EndGlobalSection
EndGlobal
